{
  "name": "scrap",
  "version": "1.0.0",
  "lockfileVersion": 3,
  "requires": true,
  "packages": {
    "": {
      "name": "scrap",
      "version": "1.0.0",
      "license": "ISC",
      "dependencies": {
        "satellite.js": "^5.0.0"
      }
    },
    "node_modules/satellite.js": {
      "version": "5.0.0",
      "resolved": "https://registry.npmjs.org/satellite.js/-/satellite.js-5.0.0.tgz",
      "integrity": "sha512-ie3yiJ2LJAJIhVUKdYhgp7V0btXKAMImDjRnuaNfJGl8rjwP2HwVIh4HLFcpiXYEiYwXc5fqh5+yZqCe6KIwWw=="
    }
  }
}
